
Microsoft Visual Studio Solution File, Format Version 12.00
# Visual Studio 14
VisualStudioVersion = 14.0.25420.1
MinimumVisualStudioVersion = 10.0.40219.1
Project("{2150E333-8FDC-42A3-9474-1A3956D46DE8}") = "src", "src", "{D7D96760-3383-43E9-ACC1-7F4834366DE4}"
EndProject
Project("{2150E333-8FDC-42A3-9474-1A3956D46DE8}") = "Solution Items", "Solution Items", "{33F5EDED-BC02-48A2-AAD0-CCA598405978}"
	ProjectSection(SolutionItems) = preProject
		global.json = global.json
	EndProjectSection
EndProject
Project("{8BB2217D-0F2D-49D1-97BC-3654ED321F3B}") = "PICHexDisassembler", "src\PICHexDisassembler\PICHexDisassembler.xproj", "{A5760AAF-DAC6-4005-B023-B0BDA94FCD9A}"
EndProject
Project("{8BB2217D-0F2D-49D1-97BC-3654ED321F3B}") = "PICHexDisassembler.Tests", "test\PICHexDisassembler.Tests\PICHexDisassembler.Tests.xproj", "{90611C1B-A481-4B35-8C18-CA006C286DC7}"
EndProject
Project("{2150E333-8FDC-42A3-9474-1A3956D46DE8}") = "test", "test", "{78D0435C-B82C-4E27-904B-3F0F8297E243}"
EndProject
Global
	GlobalSection(SolutionConfigurationPlatforms) = preSolution
		Debug|Any CPU = Debug|Any CPU
		Release|Any CPU = Release|Any CPU
	EndGlobalSection
	GlobalSection(ProjectConfigurationPlatforms) = postSolution
		{A5760AAF-DAC6-4005-B023-B0BDA94FCD9A}.Debug|Any CPU.ActiveCfg = Debug|Any CPU
		{A5760AAF-DAC6-4005-B023-B0BDA94FCD9A}.Debug|Any CPU.Build.0 = Debug|Any CPU
		{A5760AAF-DAC6-4005-B023-B0BDA94FCD9A}.Release|Any CPU.ActiveCfg = Release|Any CPU
		{A5760AAF-DAC6-4005-B023-B0BDA94FCD9A}.Release|Any CPU.Build.0 = Release|Any CPU
		{90611C1B-A481-4B35-8C18-CA006C286DC7}.Debug|Any CPU.ActiveCfg = Debug|Any CPU
		{90611C1B-A481-4B35-8C18-CA006C286DC7}.Debug|Any CPU.Build.0 = Debug|Any CPU
		{90611C1B-A481-4B35-8C18-CA006C286DC7}.Release|Any CPU.ActiveCfg = Release|Any CPU
		{90611C1B-A481-4B35-8C18-CA006C286DC7}.Release|Any CPU.Build.0 = Release|Any CPU
	EndGlobalSection
	GlobalSection(SolutionProperties) = preSolution
		HideSolutionNode = FALSE
	EndGlobalSection
	GlobalSection(NestedProjects) = preSolution
		{A5760AAF-DAC6-4005-B023-B0BDA94FCD9A} = {D7D96760-3383-43E9-ACC1-7F4834366DE4}
		{90611C1B-A481-4B35-8C18-CA006C286DC7} = {78D0435C-B82C-4E27-904B-3F0F8297E243}
	EndGlobalSection
EndGlobal
